
Microsoft Visual Studio Solution File, Format Version 12.00
# Visual Studio Version 17
VisualStudioVersion = 17.0.31717.71
MinimumVisualStudioVersion = 10.0.40219.1
Project("{FAE04EC0-301F-11D3-BF4B-00C04F79EFBC}") = "CarRental.Business", "CarRental.Business\CarRental.Business.csproj", "{416CC718-5A94-4FEE-B5F7-2BEEEAC2711E}"
EndProject
Global
	GlobalSection(SolutionConfigurationPlatforms) = preSolution
		Debug|Any CPU = Debug|Any CPU
		Release|Any CPU = Release|Any CPU
	EndGlobalSection
	GlobalSection(ProjectConfigurationPlatforms) = postSolution
		{416CC718-5A94-4FEE-B5F7-2BEEEAC2711E}.Debug|Any CPU.ActiveCfg = Debug|Any CPU
		{416CC718-5A94-4FEE-B5F7-2BEEEAC2711E}.Debug|Any CPU.Build.0 = Debug|Any CPU
		{416CC718-5A94-4FEE-B5F7-2BEEEAC2711E}.Release|Any CPU.ActiveCfg = Release|Any CPU
		{416CC718-5A94-4FEE-B5F7-2BEEEAC2711E}.Release|Any CPU.Build.0 = Release|Any CPU
	EndGlobalSection
	GlobalSection(SolutionProperties) = preSolution
		HideSolutionNode = FALSE
	EndGlobalSection
	GlobalSection(ExtensibilityGlobals) = postSolution
		SolutionGuid = {28093229-A112-4709-8791-6BCC0562CD5E}
	EndGlobalSection
EndGlobal
